// !$*UTF8*$!
{
	archiveVersion = 1;
	classes = {
	};
	objectVersion = 50;
	objects = {

/* Begin PBXBuildFile section */
		1B5530622316B122004FC1EE /* OTAVC.m in Sources */ = {isa = PBXBuildFile; fileRef = 1B5530602316B122004FC1EE /* OTAVC.m */; };
		1B5530632316B122004FC1EE /* OTAVC.xib in Resources */ = {isa = PBXBuildFile; fileRef = 1B5530612316B122004FC1EE /* OTAVC.xib */; };
		1B5530662316B415004FC1EE /* QNOTATool.m in Sources */ = {isa = PBXBuildFile; fileRef = 1B5530652316B415004FC1EE /* QNOTATool.m */; };
		1B59F79F22EE8EBD009A3919 /* ScanVC.xib in Resources */ = {isa = PBXBuildFile; fileRef = 1B59F77A22EE8EBD009A3919 /* ScanVC.xib */; };
		1B59F7A022EE8EBD009A3919 /* ScanCell.m in Sources */ = {isa = PBXBuildFile; fileRef = 1B59F77B22EE8EBD009A3919 /* ScanCell.m */; };
		1B59F7A122EE8EBD009A3919 /* SetListVC.m in Sources */ = {isa = PBXBuildFile; fileRef = 1B59F77C22EE8EBD009A3919 /* SetListVC.m */; };
		1B59F7A222EE8EBD009A3919 /* MBProgressHUD.m in Sources */ = {isa = PBXBuildFile; fileRef = 1B59F77E22EE8EBD009A3919 /* MBProgressHUD.m */; };
		1B59F7A322EE8EBD009A3919 /* ScanVC.m in Sources */ = {isa = PBXBuildFile; fileRef = 1B59F78122EE8EBD009A3919 /* ScanVC.m */; };
		1B59F7A422EE8EBD009A3919 /* NSLayoutConstraint+MASDebugAdditions.m in Sources */ = {isa = PBXBuildFile; fileRef = 1B59F78422EE8EBD009A3919 /* NSLayoutConstraint+MASDebugAdditions.m */; };
		1B59F7A522EE8EBD009A3919 /* ViewController+MASAdditions.m in Sources */ = {isa = PBXBuildFile; fileRef = 1B59F78D22EE8EBD009A3919 /* ViewController+MASAdditions.m */; };
		1B59F7A622EE8EBD009A3919 /* MASCompositeConstraint.m in Sources */ = {isa = PBXBuildFile; fileRef = 1B59F79122EE8EBD009A3919 /* MASCompositeConstraint.m */; };
		1B59F7A722EE8EBD009A3919 /* MASConstraintMaker.m in Sources */ = {isa = PBXBuildFile; fileRef = 1B59F79222EE8EBD009A3919 /* MASConstraintMaker.m */; };
		1B59F7A822EE8EBD009A3919 /* MASLayoutConstraint.m in Sources */ = {isa = PBXBuildFile; fileRef = 1B59F79322EE8EBD009A3919 /* MASLayoutConstraint.m */; };
		1B59F7A922EE8EBD009A3919 /* NSArray+MASAdditions.m in Sources */ = {isa = PBXBuildFile; fileRef = 1B59F79422EE8EBD009A3919 /* NSArray+MASAdditions.m */; };
		1B59F7AA22EE8EBD009A3919 /* View+MASAdditions.m in Sources */ = {isa = PBXBuildFile; fileRef = 1B59F79522EE8EBD009A3919 /* View+MASAdditions.m */; };
		1B59F7AB22EE8EBD009A3919 /* MASConstraint.m in Sources */ = {isa = PBXBuildFile; fileRef = 1B59F79822EE8EBD009A3919 /* MASConstraint.m */; };
		1B59F7AC22EE8EBD009A3919 /* MASViewConstraint.m in Sources */ = {isa = PBXBuildFile; fileRef = 1B59F79A22EE8EBD009A3919 /* MASViewConstraint.m */; };
		1B59F7AD22EE8EBD009A3919 /* MASViewAttribute.m in Sources */ = {isa = PBXBuildFile; fileRef = 1B59F79B22EE8EBD009A3919 /* MASViewAttribute.m */; };
		1B59F7AE22EE8EBD009A3919 /* SetListVC.xib in Resources */ = {isa = PBXBuildFile; fileRef = 1B59F79D22EE8EBD009A3919 /* SetListVC.xib */; };
		1B59F7AF22EE8EBD009A3919 /* AppDelegate.m in Sources */ = {isa = PBXBuildFile; fileRef = 1B59F79E22EE8EBD009A3919 /* AppDelegate.m */; };
		1B59F7B422EE8ED2009A3919 /* ExerciseModeCell.m in Sources */ = {isa = PBXBuildFile; fileRef = 1B59F7B122EE8ED2009A3919 /* ExerciseModeCell.m */; };
		1B59F7B522EE8ED2009A3919 /* HealthDataCell.m in Sources */ = {isa = PBXBuildFile; fileRef = 1B59F7B322EE8ED2009A3919 /* HealthDataCell.m */; };
		1BF622642317AA68005DD780 /* syd8811_band_v1.3.1.bin in Resources */ = {isa = PBXBuildFile; fileRef = 1BF622632317AA68005DD780 /* syd8811_band_v1.3.1.bin */; };
		1BF624572317DC99005DD780 /* README.md in Resources */ = {isa = PBXBuildFile; fileRef = 1BF624462317DC98005DD780 /* README.md */; };
		1BF624582317DC99005DD780 /* libQNDeviceSDK.a in Frameworks */ = {isa = PBXBuildFile; fileRef = 1BF624472317DC98005DD780 /* libQNDeviceSDK.a */; };
		D20DE16022EAFE240059C069 /* libQNDeviceSDK.a in Frameworks */ = {isa = PBXBuildFile; fileRef = D20DE15F22EAFE240059C069 /* libQNDeviceSDK.a */; };
		D21301DC22EAE595007077EA /* Assets.xcassets in Resources */ = {isa = PBXBuildFile; fileRef = D21301DB22EAE595007077EA /* Assets.xcassets */; };
		D21301DF22EAE595007077EA /* LaunchScreen.storyboard in Resources */ = {isa = PBXBuildFile; fileRef = D21301DD22EAE595007077EA /* LaunchScreen.storyboard */; };
		D21301E222EAE595007077EA /* main.m in Sources */ = {isa = PBXBuildFile; fileRef = D21301E122EAE595007077EA /* main.m */; };
		D213022F22EAE902007077EA /* 123456789.qn in Resources */ = {isa = PBXBuildFile; fileRef = D213022E22EAE902007077EA /* 123456789.qn */; };
/* End PBXBuildFile section */

/* Begin PBXCopyFilesBuildPhase section */
		D21301F722EAE63B007077EA /* Embed Frameworks */ = {
			isa = PBXCopyFilesBuildPhase;
			buildActionMask = 2147483647;
			dstPath = "";
			dstSubfolderSpec = 10;
			files = (
			);
			name = "Embed Frameworks";
			runOnlyForDeploymentPostprocessing = 0;
		};
/* End PBXCopyFilesBuildPhase section */

/* Begin PBXFileReference section */
		1B55305F2316B122004FC1EE /* OTAVC.h */ = {isa = PBXFileReference; lastKnownFileType = sourcecode.c.h; path = OTAVC.h; sourceTree = "<group>"; };
		1B5530602316B122004FC1EE /* OTAVC.m */ = {isa = PBXFileReference; lastKnownFileType = sourcecode.c.objc; path = OTAVC.m; sourceTree = "<group>"; };
		1B5530612316B122004FC1EE /* OTAVC.xib */ = {isa = PBXFileReference; lastKnownFileType = file.xib; path = OTAVC.xib; sourceTree = "<group>"; };
		1B5530642316B415004FC1EE /* QNOTATool.h */ = {isa = PBXFileReference; lastKnownFileType = sourcecode.c.h; path = QNOTATool.h; sourceTree = "<group>"; };
		1B5530652316B415004FC1EE /* QNOTATool.m */ = {isa = PBXFileReference; lastKnownFileType = sourcecode.c.objc; path = QNOTATool.m; sourceTree = "<group>"; };
		1B59F77822EE8EBC009A3919 /* AppDelegate.h */ = {isa = PBXFileReference; fileEncoding = 4; lastKnownFileType = sourcecode.c.h; path = AppDelegate.h; sourceTree = "<group>"; };
		1B59F77922EE8EBD009A3919 /* MBProgressHUD.h */ = {isa = PBXFileReference; fileEncoding = 4; lastKnownFileType = sourcecode.c.h; path = MBProgressHUD.h; sourceTree = "<group>"; };
		1B59F77A22EE8EBD009A3919 /* ScanVC.xib */ = {isa = PBXFileReference; fileEncoding = 4; lastKnownFileType = file.xib; path = ScanVC.xib; sourceTree = "<group>"; };
		1B59F77B22EE8EBD009A3919 /* ScanCell.m */ = {isa = PBXFileReference; fileEncoding = 4; lastKnownFileType = sourcecode.c.objc; path = ScanCell.m; sourceTree = "<group>"; };
		1B59F77C22EE8EBD009A3919 /* SetListVC.m */ = {isa = PBXFileReference; fileEncoding = 4; lastKnownFileType = sourcecode.c.objc; path = SetListVC.m; sourceTree = "<group>"; };
		1B59F77D22EE8EBD009A3919 /* ScanCell.h */ = {isa = PBXFileReference; fileEncoding = 4; lastKnownFileType = sourcecode.c.h; path = ScanCell.h; sourceTree = "<group>"; };
		1B59F77E22EE8EBD009A3919 /* MBProgressHUD.m */ = {isa = PBXFileReference; fileEncoding = 4; lastKnownFileType = sourcecode.c.objc; path = MBProgressHUD.m; sourceTree = "<group>"; };
		1B59F77F22EE8EBD009A3919 /* ScanVC.h */ = {isa = PBXFileReference; fileEncoding = 4; lastKnownFileType = sourcecode.c.h; path = ScanVC.h; sourceTree = "<group>"; };
		1B59F78022EE8EBD009A3919 /* QNBand-PrefixHeader.pch */ = {isa = PBXFileReference; fileEncoding = 4; lastKnownFileType = sourcecode.c.h; path = "QNBand-PrefixHeader.pch"; sourceTree = "<group>"; };
		1B59F78122EE8EBD009A3919 /* ScanVC.m */ = {isa = PBXFileReference; fileEncoding = 4; lastKnownFileType = sourcecode.c.objc; path = ScanVC.m; sourceTree = "<group>"; };
		1B59F78322EE8EBD009A3919 /* MASCompositeConstraint.h */ = {isa = PBXFileReference; fileEncoding = 4; lastKnownFileType = sourcecode.c.h; path = MASCompositeConstraint.h; sourceTree = "<group>"; };
		1B59F78422EE8EBD009A3919 /* NSLayoutConstraint+MASDebugAdditions.m */ = {isa = PBXFileReference; fileEncoding = 4; lastKnownFileType = sourcecode.c.objc; path = "NSLayoutConstraint+MASDebugAdditions.m"; sourceTree = "<group>"; };
		1B59F78522EE8EBD009A3919 /* MASConstraint+Private.h */ = {isa = PBXFileReference; fileEncoding = 4; lastKnownFileType = sourcecode.c.h; path = "MASConstraint+Private.h"; sourceTree = "<group>"; };
		1B59F78622EE8EBD009A3919 /* MASLayoutConstraint.h */ = {isa = PBXFileReference; fileEncoding = 4; lastKnownFileType = sourcecode.c.h; path = MASLayoutConstraint.h; sourceTree = "<group>"; };
		1B59F78722EE8EBD009A3919 /* NSArray+MASShorthandAdditions.h */ = {isa = PBXFileReference; fileEncoding = 4; lastKnownFileType = sourcecode.c.h; path = "NSArray+MASShorthandAdditions.h"; sourceTree = "<group>"; };
		1B59F78822EE8EBD009A3919 /* MASConstraintMaker.h */ = {isa = PBXFileReference; fileEncoding = 4; lastKnownFileType = sourcecode.c.h; path = MASConstraintMaker.h; sourceTree = "<group>"; };
		1B59F78922EE8EBD009A3919 /* View+MASAdditions.h */ = {isa = PBXFileReference; fileEncoding = 4; lastKnownFileType = sourcecode.c.h; path = "View+MASAdditions.h"; sourceTree = "<group>"; };
		1B59F78A22EE8EBD009A3919 /* NSArray+MASAdditions.h */ = {isa = PBXFileReference; fileEncoding = 4; lastKnownFileType = sourcecode.c.h; path = "NSArray+MASAdditions.h"; sourceTree = "<group>"; };
		1B59F78B22EE8EBD009A3919 /* MASUtilities.h */ = {isa = PBXFileReference; fileEncoding = 4; lastKnownFileType = sourcecode.c.h; path = MASUtilities.h; sourceTree = "<group>"; };
		1B59F78C22EE8EBD009A3919 /* MASViewAttribute.h */ = {isa = PBXFileReference; fileEncoding = 4; lastKnownFileType = sourcecode.c.h; path = MASViewAttribute.h; sourceTree = "<group>"; };
		1B59F78D22EE8EBD009A3919 /* ViewController+MASAdditions.m */ = {isa = PBXFileReference; fileEncoding = 4; lastKnownFileType = sourcecode.c.objc; path = "ViewController+MASAdditions.m"; sourceTree = "<group>"; };
		1B59F78E22EE8EBD009A3919 /* MASViewConstraint.h */ = {isa = PBXFileReference; fileEncoding = 4; lastKnownFileType = sourcecode.c.h; path = MASViewConstraint.h; sourceTree = "<group>"; };
		1B59F78F22EE8EBD009A3919 /* MASConstraint.h */ = {isa = PBXFileReference; fileEncoding = 4; lastKnownFileType = sourcecode.c.h; path = MASConstraint.h; sourceTree = "<group>"; };
		1B59F79022EE8EBD009A3919 /* NSLayoutConstraint+MASDebugAdditions.h */ = {isa = PBXFileReference; fileEncoding = 4; lastKnownFileType = sourcecode.c.h; path = "NSLayoutConstraint+MASDebugAdditions.h"; sourceTree = "<group>"; };
		1B59F79122EE8EBD009A3919 /* MASCompositeConstraint.m */ = {isa = PBXFileReference; fileEncoding = 4; lastKnownFileType = sourcecode.c.objc; path = MASCompositeConstraint.m; sourceTree = "<group>"; };
		1B59F79222EE8EBD009A3919 /* MASConstraintMaker.m */ = {isa = PBXFileReference; fileEncoding = 4; lastKnownFileType = sourcecode.c.objc; path = MASConstraintMaker.m; sourceTree = "<group>"; };
		1B59F79322EE8EBD009A3919 /* MASLayoutConstraint.m */ = {isa = PBXFileReference; fileEncoding = 4; lastKnownFileType = sourcecode.c.objc; path = MASLayoutConstraint.m; sourceTree = "<group>"; };
		1B59F79422EE8EBD009A3919 /* NSArray+MASAdditions.m */ = {isa = PBXFileReference; fileEncoding = 4; lastKnownFileType = sourcecode.c.objc; path = "NSArray+MASAdditions.m"; sourceTree = "<group>"; };
		1B59F79522EE8EBD009A3919 /* View+MASAdditions.m */ = {isa = PBXFileReference; fileEncoding = 4; lastKnownFileType = sourcecode.c.objc; path = "View+MASAdditions.m"; sourceTree = "<group>"; };
		1B59F79622EE8EBD009A3919 /* View+MASShorthandAdditions.h */ = {isa = PBXFileReference; fileEncoding = 4; lastKnownFileType = sourcecode.c.h; path = "View+MASShorthandAdditions.h"; sourceTree = "<group>"; };
		1B59F79722EE8EBD009A3919 /* Masonry.h */ = {isa = PBXFileReference; fileEncoding = 4; lastKnownFileType = sourcecode.c.h; path = Masonry.h; sourceTree = "<group>"; };
		1B59F79822EE8EBD009A3919 /* MASConstraint.m */ = {isa = PBXFileReference; fileEncoding = 4; lastKnownFileType = sourcecode.c.objc; path = MASConstraint.m; sourceTree = "<group>"; };
		1B59F79922EE8EBD009A3919 /* ViewController+MASAdditions.h */ = {isa = PBXFileReference; fileEncoding = 4; lastKnownFileType = sourcecode.c.h; path = "ViewController+MASAdditions.h"; sourceTree = "<group>"; };
		1B59F79A22EE8EBD009A3919 /* MASViewConstraint.m */ = {isa = PBXFileReference; fileEncoding = 4; lastKnownFileType = sourcecode.c.objc; path = MASViewConstraint.m; sourceTree = "<group>"; };
		1B59F79B22EE8EBD009A3919 /* MASViewAttribute.m */ = {isa = PBXFileReference; fileEncoding = 4; lastKnownFileType = sourcecode.c.objc; path = MASViewAttribute.m; sourceTree = "<group>"; };
		1B59F79C22EE8EBD009A3919 /* SetListVC.h */ = {isa = PBXFileReference; fileEncoding = 4; lastKnownFileType = sourcecode.c.h; path = SetListVC.h; sourceTree = "<group>"; };
		1B59F79D22EE8EBD009A3919 /* SetListVC.xib */ = {isa = PBXFileReference; fileEncoding = 4; lastKnownFileType = file.xib; path = SetListVC.xib; sourceTree = "<group>"; };
		1B59F79E22EE8EBD009A3919 /* AppDelegate.m */ = {isa = PBXFileReference; fileEncoding = 4; lastKnownFileType = sourcecode.c.objc; path = AppDelegate.m; sourceTree = "<group>"; };
		1B59F7B022EE8ED2009A3919 /* HealthDataCell.h */ = {isa = PBXFileReference; fileEncoding = 4; lastKnownFileType = sourcecode.c.h; path = HealthDataCell.h; sourceTree = "<group>"; };
		1B59F7B122EE8ED2009A3919 /* ExerciseModeCell.m */ = {isa = PBXFileReference; fileEncoding = 4; lastKnownFileType = sourcecode.c.objc; path = ExerciseModeCell.m; sourceTree = "<group>"; };
		1B59F7B222EE8ED2009A3919 /* ExerciseModeCell.h */ = {isa = PBXFileReference; fileEncoding = 4; lastKnownFileType = sourcecode.c.h; path = ExerciseModeCell.h; sourceTree = "<group>"; };
		1B59F7B322EE8ED2009A3919 /* HealthDataCell.m */ = {isa = PBXFileReference; fileEncoding = 4; lastKnownFileType = sourcecode.c.objc; path = HealthDataCell.m; sourceTree = "<group>"; };
		1BF622632317AA68005DD780 /* syd8811_band_v1.3.1.bin */ = {isa = PBXFileReference; lastKnownFileType = archive.macbinary; path = syd8811_band_v1.3.1.bin; sourceTree = "<group>"; };
		1BF6243B2317DC97005DD780 /* QNThirdRemind.h */ = {isa = PBXFileReference; fileEncoding = 4; lastKnownFileType = sourcecode.c.h; path = QNThirdRemind.h; sourceTree = "<group>"; };
		1BF6243C2317DC97005DD780 /* QNBandEventProtocol.h */ = {isa = PBXFileReference; fileEncoding = 4; lastKnownFileType = sourcecode.c.h; path = QNBandEventProtocol.h; sourceTree = "<group>"; };
		1BF6243D2317DC97005DD780 /* QNBandManager.h */ = {isa = PBXFileReference; fileEncoding = 4; lastKnownFileType = sourcecode.c.h; path = QNBandManager.h; sourceTree = "<group>"; };
		1BF6243E2317DC98005DD780 /* QNSitRemind.h */ = {isa = PBXFileReference; fileEncoding = 4; lastKnownFileType = sourcecode.c.h; path = QNSitRemind.h; sourceTree = "<group>"; };
		1BF6243F2317DC98005DD780 /* QNDeviceSDK.h */ = {isa = PBXFileReference; fileEncoding = 4; lastKnownFileType = sourcecode.c.h; path = QNDeviceSDK.h; sourceTree = "<group>"; };
		1BF624402317DC98005DD780 /* QNErrorCode.h */ = {isa = PBXFileReference; fileEncoding = 4; lastKnownFileType = sourcecode.c.h; path = QNErrorCode.h; sourceTree = "<group>"; };
		1BF624412317DC98005DD780 /* QNAlarm.h */ = {isa = PBXFileReference; fileEncoding = 4; lastKnownFileType = sourcecode.c.h; path = QNAlarm.h; sourceTree = "<group>"; };
		1BF624422317DC98005DD780 /* QNBleDeviceDiscoveryProtocol.h */ = {isa = PBXFileReference; fileEncoding = 4; lastKnownFileType = sourcecode.c.h; path = QNBleDeviceDiscoveryProtocol.h; sourceTree = "<group>"; };
		1BF624432317DC98005DD780 /* QNCleanInfo.h */ = {isa = PBXFileReference; fileEncoding = 4; lastKnownFileType = sourcecode.c.h; path = QNCleanInfo.h; sourceTree = "<group>"; };
		1BF624442317DC98005DD780 /* QNBandBaseConfig.h */ = {isa = PBXFileReference; fileEncoding = 4; lastKnownFileType = sourcecode.c.h; path = QNBandBaseConfig.h; sourceTree = "<group>"; };
		1BF624452317DC98005DD780 /* QNBleApi.h */ = {isa = PBXFileReference; fileEncoding = 4; lastKnownFileType = sourcecode.c.h; path = QNBleApi.h; sourceTree = "<group>"; };
		1BF624462317DC98005DD780 /* README.md */ = {isa = PBXFileReference; fileEncoding = 4; lastKnownFileType = net.daringfireball.markdown; path = README.md; sourceTree = "<group>"; };
		1BF624472317DC98005DD780 /* libQNDeviceSDK.a */ = {isa = PBXFileReference; lastKnownFileType = archive.ar; path = libQNDeviceSDK.a; sourceTree = "<group>"; };
		1BF624482317DC98005DD780 /* QNBandInfo.h */ = {isa = PBXFileReference; fileEncoding = 4; lastKnownFileType = sourcecode.c.h; path = QNBandInfo.h; sourceTree = "<group>"; };
		1BF624492317DC99005DD780 /* QNBandMetrics.h */ = {isa = PBXFileReference; fileEncoding = 4; lastKnownFileType = sourcecode.c.h; path = QNBandMetrics.h; sourceTree = "<group>"; };
		1BF6244A2317DC99005DD780 /* QNConfig.h */ = {isa = PBXFileReference; fileEncoding = 4; lastKnownFileType = sourcecode.c.h; path = QNConfig.h; sourceTree = "<group>"; };
		1BF6244B2317DC99005DD780 /* QNDataProtocol.h */ = {isa = PBXFileReference; fileEncoding = 4; lastKnownFileType = sourcecode.c.h; path = QNDataProtocol.h; sourceTree = "<group>"; };
		1BF6244C2317DC99005DD780 /* QNHealthData.h */ = {isa = PBXFileReference; fileEncoding = 4; lastKnownFileType = sourcecode.c.h; path = QNHealthData.h; sourceTree = "<group>"; };
		1BF6244D2317DC99005DD780 /* QNUser.h */ = {isa = PBXFileReference; fileEncoding = 4; lastKnownFileType = sourcecode.c.h; path = QNUser.h; sourceTree = "<group>"; };
		1BF6244E2317DC99005DD780 /* QNWeek.h */ = {isa = PBXFileReference; fileEncoding = 4; lastKnownFileType = sourcecode.c.h; path = QNWeek.h; sourceTree = "<group>"; };
		1BF6244F2317DC99005DD780 /* QNBleDevice.h */ = {isa = PBXFileReference; fileEncoding = 4; lastKnownFileType = sourcecode.c.h; path = QNBleDevice.h; sourceTree = "<group>"; };
		1BF624502317DC99005DD780 /* QNBleStateProtocol.h */ = {isa = PBXFileReference; fileEncoding = 4; lastKnownFileType = sourcecode.c.h; path = QNBleStateProtocol.h; sourceTree = "<group>"; };
		1BF624512317DC99005DD780 /* QNScaleData.h */ = {isa = PBXFileReference; fileEncoding = 4; lastKnownFileType = sourcecode.c.h; path = QNScaleData.h; sourceTree = "<group>"; };
		1BF624522317DC99005DD780 /* QNScaleItemData.h */ = {isa = PBXFileReference; fileEncoding = 4; lastKnownFileType = sourcecode.c.h; path = QNScaleItemData.h; sourceTree = "<group>"; };
		1BF624532317DC99005DD780 /* QNScaleStoreData.h */ = {isa = PBXFileReference; fileEncoding = 4; lastKnownFileType = sourcecode.c.h; path = QNScaleStoreData.h; sourceTree = "<group>"; };
		1BF624542317DC99005DD780 /* QNBleConnectionChangeProtocol.h */ = {isa = PBXFileReference; fileEncoding = 4; lastKnownFileType = sourcecode.c.h; path = QNBleConnectionChangeProtocol.h; sourceTree = "<group>"; };
		1BF624552317DC99005DD780 /* QNRealTimeData.h */ = {isa = PBXFileReference; fileEncoding = 4; lastKnownFileType = sourcecode.c.h; path = QNRealTimeData.h; sourceTree = "<group>"; };
		1BF624562317DC99005DD780 /* QNCallBackConst.h */ = {isa = PBXFileReference; fileEncoding = 4; lastKnownFileType = sourcecode.c.h; path = QNCallBackConst.h; sourceTree = "<group>"; };
		D20DE15F22EAFE240059C069 /* libQNDeviceSDK.a */ = {isa = PBXFileReference; lastKnownFileType = archive.ar; name = libQNDeviceSDK.a; path = "../../../../../../System/Volumes/Data/Users/donyau/Yolanda/program/SDK/SDK-Band-iOS/QNBandSDK/libQNDeviceSDK.a"; sourceTree = "<group>"; };
		D21301D022EAE595007077EA /* QNBandSDKDemo.app */ = {isa = PBXFileReference; explicitFileType = wrapper.application; includeInIndex = 0; path = QNBandSDKDemo.app; sourceTree = BUILT_PRODUCTS_DIR; };
		D21301DB22EAE595007077EA /* Assets.xcassets */ = {isa = PBXFileReference; lastKnownFileType = folder.assetcatalog; path = Assets.xcassets; sourceTree = "<group>"; };
		D21301DE22EAE595007077EA /* Base */ = {isa = PBXFileReference; lastKnownFileType = file.storyboard; name = Base; path = Base.lproj/LaunchScreen.storyboard; sourceTree = "<group>"; };
		D21301E022EAE595007077EA /* Info.plist */ = {isa = PBXFileReference; lastKnownFileType = text.plist.xml; path = Info.plist; sourceTree = "<group>"; };
		D21301E122EAE595007077EA /* main.m */ = {isa = PBXFileReference; lastKnownFileType = sourcecode.c.objc; path = main.m; sourceTree = "<group>"; };
		D213022E22EAE902007077EA /* 123456789.qn */ = {isa = PBXFileReference; fileEncoding = 4; lastKnownFileType = text; path = 123456789.qn; sourceTree = "<group>"; };
/* End PBXFileReference section */

/* Begin PBXFrameworksBuildPhase section */
		D21301CD22EAE595007077EA /* Frameworks */ = {
			isa = PBXFrameworksBuildPhase;
			buildActionMask = 2147483647;
			files = (
				D20DE16022EAFE240059C069 /* libQNDeviceSDK.a in Frameworks */,
				1BF624582317DC99005DD780 /* libQNDeviceSDK.a in Frameworks */,
			);
			runOnlyForDeploymentPostprocessing = 0;
		};
/* End PBXFrameworksBuildPhase section */

/* Begin PBXGroup section */
		1B59F78222EE8EBD009A3919 /* Masonry */ = {
			isa = PBXGroup;
			children = (
				1B59F78322EE8EBD009A3919 /* MASCompositeConstraint.h */,
				1B59F78422EE8EBD009A3919 /* NSLayoutConstraint+MASDebugAdditions.m */,
				1B59F78522EE8EBD009A3919 /* MASConstraint+Private.h */,
				1B59F78622EE8EBD009A3919 /* MASLayoutConstraint.h */,
				1B59F78722EE8EBD009A3919 /* NSArray+MASShorthandAdditions.h */,
				1B59F78822EE8EBD009A3919 /* MASConstraintMaker.h */,
				1B59F78922EE8EBD009A3919 /* View+MASAdditions.h */,
				1B59F78A22EE8EBD009A3919 /* NSArray+MASAdditions.h */,
				1B59F78B22EE8EBD009A3919 /* MASUtilities.h */,
				1B59F78C22EE8EBD009A3919 /* MASViewAttribute.h */,
				1B59F78D22EE8EBD009A3919 /* ViewController+MASAdditions.m */,
				1B59F78E22EE8EBD009A3919 /* MASViewConstraint.h */,
				1B59F78F22EE8EBD009A3919 /* MASConstraint.h */,
				1B59F79022EE8EBD009A3919 /* NSLayoutConstraint+MASDebugAdditions.h */,
				1B59F79122EE8EBD009A3919 /* MASCompositeConstraint.m */,
				1B59F79222EE8EBD009A3919 /* MASConstraintMaker.m */,
				1B59F79322EE8EBD009A3919 /* MASLayoutConstraint.m */,
				1B59F79422EE8EBD009A3919 /* NSArray+MASAdditions.m */,
				1B59F79522EE8EBD009A3919 /* View+MASAdditions.m */,
				1B59F79622EE8EBD009A3919 /* View+MASShorthandAdditions.h */,
				1B59F79722EE8EBD009A3919 /* Masonry.h */,
				1B59F79822EE8EBD009A3919 /* MASConstraint.m */,
				1B59F79922EE8EBD009A3919 /* ViewController+MASAdditions.h */,
				1B59F79A22EE8EBD009A3919 /* MASViewConstraint.m */,
				1B59F79B22EE8EBD009A3919 /* MASViewAttribute.m */,
			);
			path = Masonry;
			sourceTree = "<group>";
		};
		D20DE15E22EAFE240059C069 /* Frameworks */ = {
			isa = PBXGroup;
			children = (
				D20DE15F22EAFE240059C069 /* libQNDeviceSDK.a */,
			);
			name = Frameworks;
			sourceTree = "<group>";
		};
		D21301AA22EADEC6007077EA = {
			isa = PBXGroup;
			children = (
				D21301D122EAE595007077EA /* QNBandSDKDemo */,
				D213028322EAF7F9007077EA /* QNBandSDK */,
				D21301B422EADEC6007077EA /* Products */,
				D20DE15E22EAFE240059C069 /* Frameworks */,
			);
			sourceTree = "<group>";
		};
		D21301B422EADEC6007077EA /* Products */ = {
			isa = PBXGroup;
			children = (
				D21301D022EAE595007077EA /* QNBandSDKDemo.app */,
			);
			name = Products;
			sourceTree = "<group>";
		};
		D21301D122EAE595007077EA /* QNBandSDKDemo */ = {
			isa = PBXGroup;
			children = (
				1BF622632317AA68005DD780 /* syd8811_band_v1.3.1.bin */,
				D213022E22EAE902007077EA /* 123456789.qn */,
				1B59F77822EE8EBC009A3919 /* AppDelegate.h */,
				1B59F79E22EE8EBD009A3919 /* AppDelegate.m */,
				D21301DB22EAE595007077EA /* Assets.xcassets */,
				D21301E022EAE595007077EA /* Info.plist */,
				D21301DD22EAE595007077EA /* LaunchScreen.storyboard */,
				D21301E122EAE595007077EA /* main.m */,
				1B59F78222EE8EBD009A3919 /* Masonry */,
				1B59F77922EE8EBD009A3919 /* MBProgressHUD.h */,
				1B59F77E22EE8EBD009A3919 /* MBProgressHUD.m */,
				1B59F78022EE8EBD009A3919 /* QNBand-PrefixHeader.pch */,
				1B59F77D22EE8EBD009A3919 /* ScanCell.h */,
				1B59F77B22EE8EBD009A3919 /* ScanCell.m */,
				1B59F7B222EE8ED2009A3919 /* ExerciseModeCell.h */,
				1B59F7B122EE8ED2009A3919 /* ExerciseModeCell.m */,
				1B59F7B022EE8ED2009A3919 /* HealthDataCell.h */,
				1B59F7B322EE8ED2009A3919 /* HealthDataCell.m */,
				1B59F77F22EE8EBD009A3919 /* ScanVC.h */,
				1B59F78122EE8EBD009A3919 /* ScanVC.m */,
				1B59F77A22EE8EBD009A3919 /* ScanVC.xib */,
				1B59F79C22EE8EBD009A3919 /* SetListVC.h */,
				1B59F77C22EE8EBD009A3919 /* SetListVC.m */,
				1B59F79D22EE8EBD009A3919 /* SetListVC.xib */,
				1B55305F2316B122004FC1EE /* OTAVC.h */,
				1B5530602316B122004FC1EE /* OTAVC.m */,
				1B5530612316B122004FC1EE /* OTAVC.xib */,
				1B5530642316B415004FC1EE /* QNOTATool.h */,
				1B5530652316B415004FC1EE /* QNOTATool.m */,
			);
			path = QNBandSDKDemo;
			sourceTree = "<group>";
		};
		D213028322EAF7F9007077EA /* QNBandSDK */ = {
			isa = PBXGroup;
			children = (
				1BF624472317DC98005DD780 /* libQNDeviceSDK.a */,
				1BF624412317DC98005DD780 /* QNAlarm.h */,
				1BF624442317DC98005DD780 /* QNBandBaseConfig.h */,
				1BF6243C2317DC97005DD780 /* QNBandEventProtocol.h */,
				1BF624482317DC98005DD780 /* QNBandInfo.h */,
				1BF6243D2317DC97005DD780 /* QNBandManager.h */,
				1BF624492317DC99005DD780 /* QNBandMetrics.h */,
				1BF624452317DC98005DD780 /* QNBleApi.h */,
				1BF624542317DC99005DD780 /* QNBleConnectionChangeProtocol.h */,
				1BF6244F2317DC99005DD780 /* QNBleDevice.h */,
				1BF624422317DC98005DD780 /* QNBleDeviceDiscoveryProtocol.h */,
				1BF624502317DC99005DD780 /* QNBleStateProtocol.h */,
				1BF624562317DC99005DD780 /* QNCallBackConst.h */,
				1BF624432317DC98005DD780 /* QNCleanInfo.h */,
				1BF6244A2317DC99005DD780 /* QNConfig.h */,
				1BF6244B2317DC99005DD780 /* QNDataProtocol.h */,
				1BF6243F2317DC98005DD780 /* QNDeviceSDK.h */,
				1BF624402317DC98005DD780 /* QNErrorCode.h */,
				1BF6244C2317DC99005DD780 /* QNHealthData.h */,
				1BF624552317DC99005DD780 /* QNRealTimeData.h */,
				1BF624512317DC99005DD780 /* QNScaleData.h */,
				1BF624522317DC99005DD780 /* QNScaleItemData.h */,
				1BF624532317DC99005DD780 /* QNScaleStoreData.h */,
				1BF6243E2317DC98005DD780 /* QNSitRemind.h */,
				1BF6243B2317DC97005DD780 /* QNThirdRemind.h */,
				1BF6244D2317DC99005DD780 /* QNUser.h */,
				1BF6244E2317DC99005DD780 /* QNWeek.h */,
				1BF624462317DC98005DD780 /* README.md */,
			);
			path = QNBandSDK;
			sourceTree = "<group>";
		};
/* End PBXGroup section */

/* Begin PBXNativeTarget section */
		D21301CF22EAE595007077EA /* QNBandSDKDemo */ = {
			isa = PBXNativeTarget;
			buildConfigurationList = D21301E322EAE595007077EA /* Build configuration list for PBXNativeTarget "QNBandSDKDemo" */;
			buildPhases = (
				D21301CC22EAE595007077EA /* Sources */,
				D21301CD22EAE595007077EA /* Frameworks */,
				D21301CE22EAE595007077EA /* Resources */,
				D21301F722EAE63B007077EA /* Embed Frameworks */,
			);
			buildRules = (
			);
			dependencies = (
			);
			name = QNBandSDKDemo;
			productName = QNBandSDKDemo;
			productReference = D21301D022EAE595007077EA /* QNBandSDKDemo.app */;
			productType = "com.apple.product-type.application";
		};
/* End PBXNativeTarget section */

/* Begin PBXProject section */
		D21301AB22EADEC6007077EA /* Project object */ = {
			isa = PBXProject;
			attributes = {
				LastUpgradeCheck = 1020;
				ORGANIZATIONNAME = Yolanda;
				TargetAttributes = {
					D21301CF22EAE595007077EA = {
						CreatedOnToolsVersion = 10.2.1;
					};
				};
			};
			buildConfigurationList = D21301AE22EADEC6007077EA /* Build configuration list for PBXProject "QNBandSDK" */;
			compatibilityVersion = "Xcode 9.3";
			developmentRegion = en;
			hasScannedForEncodings = 0;
			knownRegions = (
				en,
				Base,
			);
			mainGroup = D21301AA22EADEC6007077EA;
			productRefGroup = D21301B422EADEC6007077EA /* Products */;
			projectDirPath = "";
			projectRoot = "";
			targets = (
				D21301CF22EAE595007077EA /* QNBandSDKDemo */,
			);
		};
/* End PBXProject section */

/* Begin PBXResourcesBuildPhase section */
		D21301CE22EAE595007077EA /* Resources */ = {
			isa = PBXResourcesBuildPhase;
			buildActionMask = 2147483647;
			files = (
				1B5530632316B122004FC1EE /* OTAVC.xib in Resources */,
				1B59F79F22EE8EBD009A3919 /* ScanVC.xib in Resources */,
				1BF622642317AA68005DD780 /* syd8811_band_v1.3.1.bin in Resources */,
				D21301DF22EAE595007077EA /* LaunchScreen.storyboard in Resources */,
				D21301DC22EAE595007077EA /* Assets.xcassets in Resources */,
				D213022F22EAE902007077EA /* 123456789.qn in Resources */,
				1BF624572317DC99005DD780 /* README.md in Resources */,
				1B59F7AE22EE8EBD009A3919 /* SetListVC.xib in Resources */,
			);
			runOnlyForDeploymentPostprocessing = 0;
		};
/* End PBXResourcesBuildPhase section */

/* Begin PBXSourcesBuildPhase section */
		D21301CC22EAE595007077EA /* Sources */ = {
			isa = PBXSourcesBuildPhase;
			buildActionMask = 2147483647;
			files = (
				1B59F7B422EE8ED2009A3919 /* ExerciseModeCell.m in Sources */,
				1B59F7A022EE8EBD009A3919 /* ScanCell.m in Sources */,
				1B59F7A122EE8EBD009A3919 /* SetListVC.m in Sources */,
				1B59F7A822EE8EBD009A3919 /* MASLayoutConstraint.m in Sources */,
				D21301E222EAE595007077EA /* main.m in Sources */,
				1B59F7AF22EE8EBD009A3919 /* AppDelegate.m in Sources */,
				1B5530622316B122004FC1EE /* OTAVC.m in Sources */,
				1B59F7A322EE8EBD009A3919 /* ScanVC.m in Sources */,
				1B59F7AD22EE8EBD009A3919 /* MASViewAttribute.m in Sources */,
				1B59F7A922EE8EBD009A3919 /* NSArray+MASAdditions.m in Sources */,
				1B59F7A622EE8EBD009A3919 /* MASCompositeConstraint.m in Sources */,
				1B59F7A722EE8EBD009A3919 /* MASConstraintMaker.m in Sources */,
				1B59F7AA22EE8EBD009A3919 /* View+MASAdditions.m in Sources */,
				1B59F7A522EE8EBD009A3919 /* ViewController+MASAdditions.m in Sources */,
				1B59F7A222EE8EBD009A3919 /* MBProgressHUD.m in Sources */,
				1B59F7AC22EE8EBD009A3919 /* MASViewConstraint.m in Sources */,
				1B59F7B522EE8ED2009A3919 /* HealthDataCell.m in Sources */,
				1B59F7A422EE8EBD009A3919 /* NSLayoutConstraint+MASDebugAdditions.m in Sources */,
				1B59F7AB22EE8EBD009A3919 /* MASConstraint.m in Sources */,
				1B5530662316B415004FC1EE /* QNOTATool.m in Sources */,
			);
			runOnlyForDeploymentPostprocessing = 0;
		};
/* End PBXSourcesBuildPhase section */

/* Begin PBXVariantGroup section */
		D21301DD22EAE595007077EA /* LaunchScreen.storyboard */ = {
			isa = PBXVariantGroup;
			children = (
				D21301DE22EAE595007077EA /* Base */,
			);
			name = LaunchScreen.storyboard;
			sourceTree = "<group>";
		};
/* End PBXVariantGroup section */

/* Begin XCBuildConfiguration section */
		D21301C722EADEC8007077EA /* Debug */ = {
			isa = XCBuildConfiguration;
			buildSettings = {
				ALWAYS_SEARCH_USER_PATHS = NO;
				CLANG_ANALYZER_NONNULL = YES;
				CLANG_ANALYZER_NUMBER_OBJECT_CONVERSION = YES_AGGRESSIVE;
				CLANG_CXX_LANGUAGE_STANDARD = "gnu++14";
				CLANG_CXX_LIBRARY = "libc++";
				CLANG_ENABLE_MODULES = YES;
				CLANG_ENABLE_OBJC_ARC = YES;
				CLANG_ENABLE_OBJC_WEAK = YES;
				CLANG_WARN_BLOCK_CAPTURE_AUTORELEASING = YES;
				CLANG_WARN_BOOL_CONVERSION = YES;
				CLANG_WARN_COMMA = YES;
				CLANG_WARN_CONSTANT_CONVERSION = YES;
				CLANG_WARN_DEPRECATED_OBJC_IMPLEMENTATIONS = YES;
				CLANG_WARN_DIRECT_OBJC_ISA_USAGE = YES_ERROR;
				CLANG_WARN_DOCUMENTATION_COMMENTS = YES;
				CLANG_WARN_EMPTY_BODY = YES;
				CLANG_WARN_ENUM_CONVERSION = YES;
				CLANG_WARN_INFINITE_RECURSION = YES;
				CLANG_WARN_INT_CONVERSION = YES;
				CLANG_WARN_NON_LITERAL_NULL_CONVERSION = YES;
				CLANG_WARN_OBJC_IMPLICIT_RETAIN_SELF = YES;
				CLANG_WARN_OBJC_LITERAL_CONVERSION = YES;
				CLANG_WARN_OBJC_ROOT_CLASS = YES_ERROR;
				CLANG_WARN_RANGE_LOOP_ANALYSIS = YES;
				CLANG_WARN_STRICT_PROTOTYPES = YES;
				CLANG_WARN_SUSPICIOUS_MOVE = YES;
				CLANG_WARN_UNGUARDED_AVAILABILITY = YES_AGGRESSIVE;
				CLANG_WARN_UNREACHABLE_CODE = YES;
				CLANG_WARN__DUPLICATE_METHOD_MATCH = YES;
				CODE_SIGN_IDENTITY = "iPhone Developer";
				COPY_PHASE_STRIP = NO;
				DEBUG_INFORMATION_FORMAT = dwarf;
				ENABLE_STRICT_OBJC_MSGSEND = YES;
				ENABLE_TESTABILITY = YES;
				GCC_C_LANGUAGE_STANDARD = gnu11;
				GCC_DYNAMIC_NO_PIC = NO;
				GCC_NO_COMMON_BLOCKS = YES;
				GCC_OPTIMIZATION_LEVEL = 0;
				GCC_PREPROCESSOR_DEFINITIONS = (
					"DEBUG=1",
					"$(inherited)",
				);
				GCC_WARN_64_TO_32_BIT_CONVERSION = YES;
				GCC_WARN_ABOUT_RETURN_TYPE = YES_ERROR;
				GCC_WARN_UNDECLARED_SELECTOR = YES;
				GCC_WARN_UNINITIALIZED_AUTOS = YES_AGGRESSIVE;
				GCC_WARN_UNUSED_FUNCTION = YES;
				GCC_WARN_UNUSED_VARIABLE = YES;
				IPHONEOS_DEPLOYMENT_TARGET = 8.0;
				MTL_ENABLE_DEBUG_INFO = INCLUDE_SOURCE;
				MTL_FAST_MATH = YES;
				ONLY_ACTIVE_ARCH = YES;
				SDKROOT = iphoneos;
			};
			name = Debug;
		};
		D21301C822EADEC8007077EA /* Release */ = {
			isa = XCBuildConfiguration;
			buildSettings = {
				ALWAYS_SEARCH_USER_PATHS = NO;
				CLANG_ANALYZER_NONNULL = YES;
				CLANG_ANALYZER_NUMBER_OBJECT_CONVERSION = YES_AGGRESSIVE;
				CLANG_CXX_LANGUAGE_STANDARD = "gnu++14";
				CLANG_CXX_LIBRARY = "libc++";
				CLANG_ENABLE_MODULES = YES;
				CLANG_ENABLE_OBJC_ARC = YES;
				CLANG_ENABLE_OBJC_WEAK = YES;
				CLANG_WARN_BLOCK_CAPTURE_AUTORELEASING = YES;
				CLANG_WARN_BOOL_CONVERSION = YES;
				CLANG_WARN_COMMA = YES;
				CLANG_WARN_CONSTANT_CONVERSION = YES;
				CLANG_WARN_DEPRECATED_OBJC_IMPLEMENTATIONS = YES;
				CLANG_WARN_DIRECT_OBJC_ISA_USAGE = YES_ERROR;
				CLANG_WARN_DOCUMENTATION_COMMENTS = YES;
				CLANG_WARN_EMPTY_BODY = YES;
				CLANG_WARN_ENUM_CONVERSION = YES;
				CLANG_WARN_INFINITE_RECURSION = YES;
				CLANG_WARN_INT_CONVERSION = YES;
				CLANG_WARN_NON_LITERAL_NULL_CONVERSION = YES;
				CLANG_WARN_OBJC_IMPLICIT_RETAIN_SELF = YES;
				CLANG_WARN_OBJC_LITERAL_CONVERSION = YES;
				CLANG_WARN_OBJC_ROOT_CLASS = YES_ERROR;
				CLANG_WARN_RANGE_LOOP_ANALYSIS = YES;
				CLANG_WARN_STRICT_PROTOTYPES = YES;
				CLANG_WARN_SUSPICIOUS_MOVE = YES;
				CLANG_WARN_UNGUARDED_AVAILABILITY = YES_AGGRESSIVE;
				CLANG_WARN_UNREACHABLE_CODE = YES;
				CLANG_WARN__DUPLICATE_METHOD_MATCH = YES;
				CODE_SIGN_IDENTITY = "iPhone Developer";
				COPY_PHASE_STRIP = NO;
				DEBUG_INFORMATION_FORMAT = "dwarf-with-dsym";
				ENABLE_NS_ASSERTIONS = NO;
				ENABLE_STRICT_OBJC_MSGSEND = YES;
				GCC_C_LANGUAGE_STANDARD = gnu11;
				GCC_NO_COMMON_BLOCKS = YES;
				GCC_WARN_64_TO_32_BIT_CONVERSION = YES;
				GCC_WARN_ABOUT_RETURN_TYPE = YES_ERROR;
				GCC_WARN_UNDECLARED_SELECTOR = YES;
				GCC_WARN_UNINITIALIZED_AUTOS = YES_AGGRESSIVE;
				GCC_WARN_UNUSED_FUNCTION = YES;
				GCC_WARN_UNUSED_VARIABLE = YES;
				IPHONEOS_DEPLOYMENT_TARGET = 8.0;
				MTL_ENABLE_DEBUG_INFO = NO;
				MTL_FAST_MATH = YES;
				SDKROOT = iphoneos;
				VALIDATE_PRODUCT = YES;
			};
			name = Release;
		};
		D21301E422EAE595007077EA /* Debug */ = {
			isa = XCBuildConfiguration;
			buildSettings = {
				ASSETCATALOG_COMPILER_APPICON_NAME = AppIcon;
				CODE_SIGN_STYLE = Automatic;
				DEVELOPMENT_TEAM = BV3EPFW3GV;
				GCC_PRECOMPILE_PREFIX_HEADER = YES;
				GCC_PREFIX_HEADER = "QNBandSDKDemo/QNBand-PrefixHeader.pch";
				INFOPLIST_FILE = QNBandSDKDemo/Info.plist;
				IPHONEOS_DEPLOYMENT_TARGET = 8.0;
				LD_RUNPATH_SEARCH_PATHS = (
					"$(inherited)",
					"@executable_path/Frameworks",
				);
				LIBRARY_SEARCH_PATHS = (
					"\"$(SRCROOT)/QNBandSDK/libQNDeviceSDK.a\"",
					"$(PROJECT_DIR)/QNBandSDK",
				);
				OTHER_LDFLAGS = "-ObjC";
				PRODUCT_BUNDLE_IDENTIFIER = com.qingniu.com.QNBandSDKDemo;
				PRODUCT_NAME = "$(TARGET_NAME)";
				TARGETED_DEVICE_FAMILY = "1,2";
			};
			name = Debug;
		};
		D21301E522EAE595007077EA /* Release */ = {
			isa = XCBuildConfiguration;
			buildSettings = {
				ASSETCATALOG_COMPILER_APPICON_NAME = AppIcon;
				CODE_SIGN_STYLE = Automatic;
				DEVELOPMENT_TEAM = BV3EPFW3GV;
				GCC_PRECOMPILE_PREFIX_HEADER = YES;
				GCC_PREFIX_HEADER = "QNBandSDKDemo/QNBand-PrefixHeader.pch";
				INFOPLIST_FILE = QNBandSDKDemo/Info.plist;
				IPHONEOS_DEPLOYMENT_TARGET = 8.0;
				LD_RUNPATH_SEARCH_PATHS = (
					"$(inherited)",
					"@executable_path/Frameworks",
				);
				LIBRARY_SEARCH_PATHS = (
					"\"$(SRCROOT)/QNBandSDK/libQNDeviceSDK.a\"",
					"$(PROJECT_DIR)/QNBandSDK",
				);
				OTHER_LDFLAGS = "-ObjC";
				PRODUCT_BUNDLE_IDENTIFIER = com.qingniu.com.QNBandSDKDemo;
				PRODUCT_NAME = "$(TARGET_NAME)";
				TARGETED_DEVICE_FAMILY = "1,2";
			};
			name = Release;
		};
/* End XCBuildConfiguration section */

/* Begin XCConfigurationList section */
		D21301AE22EADEC6007077EA /* Build configuration list for PBXProject "QNBandSDK" */ = {
			isa = XCConfigurationList;
			buildConfigurations = (
				D21301C722EADEC8007077EA /* Debug */,
				D21301C822EADEC8007077EA /* Release */,
			);
			defaultConfigurationIsVisible = 0;
			defaultConfigurationName = Release;
		};
		D21301E322EAE595007077EA /* Build configuration list for PBXNativeTarget "QNBandSDKDemo" */ = {
			isa = XCConfigurationList;
			buildConfigurations = (
				D21301E422EAE595007077EA /* Debug */,
				D21301E522EAE595007077EA /* Release */,
			);
			defaultConfigurationIsVisible = 0;
			defaultConfigurationName = Release;
		};
/* End XCConfigurationList section */
	};
	rootObject = D21301AB22EADEC6007077EA /* Project object */;
}
